{
  "name": "@pwrdrvr/microapps-router",
  "version": "1.0.0",
  "lockfileVersion": 2,
  "requires": true,
  "packages": {
    "": {
      "name": "@pwrdrvr/microapps-router",
      "version": "1.0.0",
      "license": "MIT",
      "dependencies": {
        "convict": "^6.1.0",
        "convict-format-with-validator": "^6.0.1",
        "js-yaml": "^4.1.0",
        "lambda-log": "^2.4.0",
        "reflect-metadata": "^0.1.13",
        "ts-convict": "^1.1.0",
        "tslib": "^2.1.0"
      },
      "devDependencies": {
        "@types/aws-lambda": "^8.10.72",
        "@types/convict": "^6.0.2",
        "@types/convict-format-with-validator": "^6.0.2",
        "@types/js-yaml": "^4.0.1",
        "@types/lambda-log": "^2.2.0"
      }
    },
    "node_modules/@types/aws-lambda": {
      "version": "8.10.77",
      "resolved": "https://registry.npmjs.org/@types/aws-lambda/-/aws-lambda-8.10.77.tgz",
      "integrity": "sha512-n0EMFJU/7u3KvHrR83l/zrKOVURXl5pUJPNED/Bzjah89QKCHwCiKCBoVUXRwTGRfCYGIDdinJaAlKDHZdp/Ng==",
      "dev": true
    },
    "node_modules/@types/convict": {
      "version": "6.0.2",
      "resolved": "https://registry.npmjs.org/@types/convict/-/convict-6.0.2.tgz",
      "integrity": "sha512-lYFEgTO7c36/Sq8+FKTn64jA/6B7xLeKv0/NZkWIaavMlBzlU5zgiyfJvl9rOTCxvlUT2rXTD6In5DmEGTK5+w==",
      "dev": true,
      "dependencies": {
        "@types/node": "*"
      }
    },
    "node_modules/@types/convict-format-with-validator": {
      "version": "6.0.2",
      "resolved": "https://registry.npmjs.org/@types/convict-format-with-validator/-/convict-format-with-validator-6.0.2.tgz",
      "integrity": "sha512-H8AfvvijYaFRE5sLje5ugldjGcwOqzre/TzrrWfrMHtVUhoN5eaUf6BqkFB9QJ24iUUoCDCceej2KTmbS/GaTg==",
      "dev": true,
      "license": "MIT",
      "dependencies": {
        "@types/convict": "*"
      }
    },
    "node_modules/@types/js-yaml": {
      "version": "4.0.1",
      "resolved": "https://registry.npmjs.org/@types/js-yaml/-/js-yaml-4.0.1.tgz",
      "integrity": "sha512-xdOvNmXmrZqqPy3kuCQ+fz6wA0xU5pji9cd1nDrflWaAWtYLLGk5ykW0H6yg5TVyehHP1pfmuuSaZkhP+kspVA==",
      "dev": true
    },
    "node_modules/@types/lambda-log": {
      "version": "2.2.0",
      "resolved": "https://registry.npmjs.org/@types/lambda-log/-/lambda-log-2.2.0.tgz",
      "integrity": "sha512-fkx6+kvOw75+2Mh6gyYrCN3uTVP8rJfj1TSXW4bmtjyoleoPWGoPHjxiFexZl5Ub5TQqyaZn/xQPh9NDR0Dh2Q==",
      "dev": true,
      "dependencies": {
        "@types/node": "*"
      }
    },
    "node_modules/@types/node": {
      "version": "15.12.4",
      "resolved": "https://registry.npmjs.org/@types/node/-/node-15.12.4.tgz",
      "integrity": "sha512-zrNj1+yqYF4WskCMOHwN+w9iuD12+dGm0rQ35HLl9/Ouuq52cEtd0CH9qMgrdNmi5ejC1/V7vKEXYubB+65DkA==",
      "dev": true
    },
    "node_modules/argparse": {
      "version": "2.0.1",
      "license": "Python-2.0"
    },
    "node_modules/camelcase": {
      "version": "5.3.1",
      "resolved": "https://registry.npmjs.org/camelcase/-/camelcase-5.3.1.tgz",
      "integrity": "sha512-L28STB170nwWS63UjtlEOE3dldQApaJXZkOI1uMFfzf3rRuPegHaHesyee+YxQ+W6SvRDQV6UrdOdRiR153wJg==",
      "engines": {
        "node": ">=6"
      }
    },
    "node_modules/convict": {
      "version": "6.1.0",
      "resolved": "https://registry.npmjs.org/convict/-/convict-6.1.0.tgz",
      "integrity": "sha512-8dzppr6Z9URlm6P8N9NiydFRq2NWtQyf4RZOK5m0Q48fWWuKamHLXD7Qz/SiLvRXnjQcKCuHayIk9Fk51sax0w==",
      "dependencies": {
        "lodash.clonedeep": "^4.5.0",
        "yargs-parser": "^18.1.3"
      },
      "engines": {
        "node": ">=6"
      }
    },
    "node_modules/convict-format-with-validator": {
      "version": "6.0.1",
      "resolved": "https://registry.npmjs.org/convict-format-with-validator/-/convict-format-with-validator-6.0.1.tgz",
      "integrity": "sha512-6/O0W9/0MESdL+0fY7glQlWHs+wnP9xXlB1tjY/Wb9ujCCEBqMP8VCjtLvRlBdfwgONrpb+DTPSHQRhUO5aTlQ==",
      "dependencies": {
        "validator": "^11.1.0"
      },
      "engines": {
        "node": ">=6"
      }
    },
    "node_modules/decamelize": {
      "version": "1.2.0",
      "resolved": "https://registry.npmjs.org/decamelize/-/decamelize-1.2.0.tgz",
      "integrity": "sha1-9lNNFRSCabIDUue+4m9QH5oZEpA=",
      "engines": {
        "node": ">=0.10.0"
      }
    },
    "node_modules/fast-safe-stringify": {
      "version": "2.0.7",
      "resolved": "https://registry.npmjs.org/fast-safe-stringify/-/fast-safe-stringify-2.0.7.tgz",
      "integrity": "sha512-Utm6CdzT+6xsDk2m8S6uL8VHxNwI6Jub+e9NYTcAms28T84pTa25GJQV9j0CY0N1rM8hK4x6grpF2BQf+2qwVA=="
    },
    "node_modules/js-yaml": {
      "version": "4.1.0",
      "license": "MIT",
      "dependencies": {
        "argparse": "^2.0.1"
      },
      "bin": {
        "js-yaml": "bin/js-yaml.js"
      }
    },
    "node_modules/lambda-log": {
      "version": "2.4.0",
      "resolved": "https://registry.npmjs.org/lambda-log/-/lambda-log-2.4.0.tgz",
      "integrity": "sha512-py9aD8eHM4gx20t8LQ1UZfWSuixtpjFB/SzGwUoeKoELkekR6SzTIokS6vqlT8OmRBVuZFLiZbj+JQ8YCnKATg==",
      "dependencies": {
        "fast-safe-stringify": "^2.0.6"
      },
      "engines": {
        "node": ">= 6.10.0"
      }
    },
    "node_modules/lodash.clonedeep": {
      "version": "4.5.0",
      "resolved": "https://registry.npmjs.org/lodash.clonedeep/-/lodash.clonedeep-4.5.0.tgz",
      "integrity": "sha1-4j8/nE+Pvd6HJSnBBxhXoIblzO8="
    },
    "node_modules/reflect-metadata": {
      "version": "0.1.13",
      "resolved": "https://registry.npmjs.org/reflect-metadata/-/reflect-metadata-0.1.13.tgz",
      "integrity": "sha512-Ts1Y/anZELhSsjMcU605fU9RE4Oi3p5ORujwbIKXfWa+0Zxs510Qrmrce5/Jowq3cHSZSJqBjypxmHarc+vEWg=="
    },
    "node_modules/ts-convict": {
      "version": "1.1.0",
      "resolved": "https://registry.npmjs.org/ts-convict/-/ts-convict-1.1.0.tgz",
      "integrity": "sha512-FL6UhCU8MCb9+xYAZ6FgxSz0DUM87bV93CMHqGeJH4c/YYy/+BpfT2fx+WXBux8KyLjDptLnmXUjJX7u/xVZuQ==",
      "peerDependencies": {
        "convict": "*",
        "reflect-metadata": "*"
      }
    },
    "node_modules/tslib": {
      "version": "2.3.0",
      "resolved": "https://registry.npmjs.org/tslib/-/tslib-2.3.0.tgz",
      "integrity": "sha512-N82ooyxVNm6h1riLCoyS9e3fuJ3AMG2zIZs2Gd1ATcSFjSA23Q0fzjjZeh0jbJvWVDZ0cJT8yaNNaaXHzueNjg=="
    },
    "node_modules/validator": {
      "version": "11.1.0",
      "resolved": "https://registry.npmjs.org/validator/-/validator-11.1.0.tgz",
      "integrity": "sha512-qiQ5ktdO7CD6C/5/mYV4jku/7qnqzjrxb3C/Q5wR3vGGinHTgJZN/TdFT3ZX4vXhX2R1PXx42fB1cn5W+uJ4lg==",
      "engines": {
        "node": ">= 0.10"
      }
    },
    "node_modules/yargs-parser": {
      "version": "18.1.3",
      "resolved": "https://registry.npmjs.org/yargs-parser/-/yargs-parser-18.1.3.tgz",
      "integrity": "sha512-o50j0JeToy/4K6OZcaQmW6lyXXKhq7csREXcDwk2omFPJEwUNOVtJKvmDr9EI1fAJZUyZcRF7kxGBWmRXudrCQ==",
      "dependencies": {
        "camelcase": "^5.0.0",
        "decamelize": "^1.2.0"
      },
      "engines": {
        "node": ">=6"
      }
    }
  },
  "dependencies": {
    "@types/aws-lambda": {
      "version": "8.10.77",
      "resolved": "https://registry.npmjs.org/@types/aws-lambda/-/aws-lambda-8.10.77.tgz",
      "integrity": "sha512-n0EMFJU/7u3KvHrR83l/zrKOVURXl5pUJPNED/Bzjah89QKCHwCiKCBoVUXRwTGRfCYGIDdinJaAlKDHZdp/Ng==",
      "dev": true
    },
    "@types/convict": {
      "version": "6.0.2",
      "resolved": "https://registry.npmjs.org/@types/convict/-/convict-6.0.2.tgz",
      "integrity": "sha512-lYFEgTO7c36/Sq8+FKTn64jA/6B7xLeKv0/NZkWIaavMlBzlU5zgiyfJvl9rOTCxvlUT2rXTD6In5DmEGTK5+w==",
      "dev": true,
      "requires": {
        "@types/node": "*"
      }
    },
    "@types/convict-format-with-validator": {
      "version": "6.0.2",
      "resolved": "https://registry.npmjs.org/@types/convict-format-with-validator/-/convict-format-with-validator-6.0.2.tgz",
      "integrity": "sha512-H8AfvvijYaFRE5sLje5ugldjGcwOqzre/TzrrWfrMHtVUhoN5eaUf6BqkFB9QJ24iUUoCDCceej2KTmbS/GaTg==",
      "dev": true,
      "requires": {
        "@types/convict": "*"
      }
    },
    "@types/js-yaml": {
      "version": "4.0.1",
      "resolved": "https://registry.npmjs.org/@types/js-yaml/-/js-yaml-4.0.1.tgz",
      "integrity": "sha512-xdOvNmXmrZqqPy3kuCQ+fz6wA0xU5pji9cd1nDrflWaAWtYLLGk5ykW0H6yg5TVyehHP1pfmuuSaZkhP+kspVA==",
      "dev": true
    },
    "@types/lambda-log": {
      "version": "2.2.0",
      "resolved": "https://registry.npmjs.org/@types/lambda-log/-/lambda-log-2.2.0.tgz",
      "integrity": "sha512-fkx6+kvOw75+2Mh6gyYrCN3uTVP8rJfj1TSXW4bmtjyoleoPWGoPHjxiFexZl5Ub5TQqyaZn/xQPh9NDR0Dh2Q==",
      "dev": true,
      "requires": {
        "@types/node": "*"
      }
    },
    "@types/node": {
      "version": "15.12.4",
      "resolved": "https://registry.npmjs.org/@types/node/-/node-15.12.4.tgz",
      "integrity": "sha512-zrNj1+yqYF4WskCMOHwN+w9iuD12+dGm0rQ35HLl9/Ouuq52cEtd0CH9qMgrdNmi5ejC1/V7vKEXYubB+65DkA==",
      "dev": true
    },
    "argparse": {
      "version": "2.0.1"
    },
    "camelcase": {
      "version": "5.3.1",
      "resolved": "https://registry.npmjs.org/camelcase/-/camelcase-5.3.1.tgz",
      "integrity": "sha512-L28STB170nwWS63UjtlEOE3dldQApaJXZkOI1uMFfzf3rRuPegHaHesyee+YxQ+W6SvRDQV6UrdOdRiR153wJg=="
    },
    "convict": {
      "version": "6.1.0",
      "resolved": "https://registry.npmjs.org/convict/-/convict-6.1.0.tgz",
      "integrity": "sha512-8dzppr6Z9URlm6P8N9NiydFRq2NWtQyf4RZOK5m0Q48fWWuKamHLXD7Qz/SiLvRXnjQcKCuHayIk9Fk51sax0w==",
      "requires": {
        "lodash.clonedeep": "^4.5.0",
        "yargs-parser": "^18.1.3"
      }
    },
    "convict-format-with-validator": {
      "version": "6.0.1",
      "resolved": "https://registry.npmjs.org/convict-format-with-validator/-/convict-format-with-validator-6.0.1.tgz",
      "integrity": "sha512-6/O0W9/0MESdL+0fY7glQlWHs+wnP9xXlB1tjY/Wb9ujCCEBqMP8VCjtLvRlBdfwgONrpb+DTPSHQRhUO5aTlQ==",
      "requires": {
        "validator": "^11.1.0"
      }
    },
    "decamelize": {
      "version": "1.2.0",
      "resolved": "https://registry.npmjs.org/decamelize/-/decamelize-1.2.0.tgz",
      "integrity": "sha1-9lNNFRSCabIDUue+4m9QH5oZEpA="
    },
    "fast-safe-stringify": {
      "version": "2.0.7",
      "resolved": "https://registry.npmjs.org/fast-safe-stringify/-/fast-safe-stringify-2.0.7.tgz",
      "integrity": "sha512-Utm6CdzT+6xsDk2m8S6uL8VHxNwI6Jub+e9NYTcAms28T84pTa25GJQV9j0CY0N1rM8hK4x6grpF2BQf+2qwVA=="
    },
    "js-yaml": {
      "version": "4.1.0",
      "requires": {
        "argparse": "^2.0.1"
      }
    },
    "lambda-log": {
      "version": "2.4.0",
      "resolved": "https://registry.npmjs.org/lambda-log/-/lambda-log-2.4.0.tgz",
      "integrity": "sha512-py9aD8eHM4gx20t8LQ1UZfWSuixtpjFB/SzGwUoeKoELkekR6SzTIokS6vqlT8OmRBVuZFLiZbj+JQ8YCnKATg==",
      "requires": {
        "fast-safe-stringify": "^2.0.6"
      }
    },
    "lodash.clonedeep": {
      "version": "4.5.0",
      "resolved": "https://registry.npmjs.org/lodash.clonedeep/-/lodash.clonedeep-4.5.0.tgz",
      "integrity": "sha1-4j8/nE+Pvd6HJSnBBxhXoIblzO8="
    },
    "reflect-metadata": {
      "version": "0.1.13",
      "resolved": "https://registry.npmjs.org/reflect-metadata/-/reflect-metadata-0.1.13.tgz",
      "integrity": "sha512-Ts1Y/anZELhSsjMcU605fU9RE4Oi3p5ORujwbIKXfWa+0Zxs510Qrmrce5/Jowq3cHSZSJqBjypxmHarc+vEWg=="
    },
    "ts-convict": {
      "version": "1.1.0",
      "resolved": "https://registry.npmjs.org/ts-convict/-/ts-convict-1.1.0.tgz",
      "integrity": "sha512-FL6UhCU8MCb9+xYAZ6FgxSz0DUM87bV93CMHqGeJH4c/YYy/+BpfT2fx+WXBux8KyLjDptLnmXUjJX7u/xVZuQ==",
      "requires": {}
    },
    "tslib": {
      "version": "2.3.0",
      "resolved": "https://registry.npmjs.org/tslib/-/tslib-2.3.0.tgz",
      "integrity": "sha512-N82ooyxVNm6h1riLCoyS9e3fuJ3AMG2zIZs2Gd1ATcSFjSA23Q0fzjjZeh0jbJvWVDZ0cJT8yaNNaaXHzueNjg=="
    },
    "validator": {
      "version": "11.1.0",
      "resolved": "https://registry.npmjs.org/validator/-/validator-11.1.0.tgz",
      "integrity": "sha512-qiQ5ktdO7CD6C/5/mYV4jku/7qnqzjrxb3C/Q5wR3vGGinHTgJZN/TdFT3ZX4vXhX2R1PXx42fB1cn5W+uJ4lg=="
    },
    "yargs-parser": {
      "version": "18.1.3",
      "resolved": "https://registry.npmjs.org/yargs-parser/-/yargs-parser-18.1.3.tgz",
      "integrity": "sha512-o50j0JeToy/4K6OZcaQmW6lyXXKhq7csREXcDwk2omFPJEwUNOVtJKvmDr9EI1fAJZUyZcRF7kxGBWmRXudrCQ==",
      "requires": {
        "camelcase": "^5.0.0",
        "decamelize": "^1.2.0"
      }
    }
  }
}
