{
  "name": "@pwrdrvr/microapps-publish",
  "version": "0.9.0",
  "lockfileVersion": 2,
  "requires": true,
  "packages": {
    "": {
      "name": "@pwrdrvr/microapps-publish",
      "version": "0.9.0",
      "license": "ISC",
      "dependencies": {
        "commander": "^7.1.0",
        "tslib": "^2.1.0"
      }
    },
    "node_modules/commander": {
      "version": "7.1.0",
      "resolved": "https://registry.npmjs.org/commander/-/commander-7.1.0.tgz",
      "integrity": "sha512-pRxBna3MJe6HKnBGsDyMv8ETbptw3axEdYHoqNh7gu5oDcew8fs0xnivZGm06Ogk8zGAJ9VX+OPEr2GXEQK4dg==",
      "engines": {
        "node": ">= 10"
      }
    },
    "node_modules/tslib": {
      "version": "2.1.0",
      "resolved": "https://registry.npmjs.org/tslib/-/tslib-2.1.0.tgz",
      "integrity": "sha512-hcVC3wYEziELGGmEEXue7D75zbwIIVUMWAVbHItGPx0ziyXxrOMQx4rQEVEV45Ut/1IotuEvwqPopzIOkDMf0A=="
    }
  },
  "dependencies": {
    "commander": {
      "version": "7.1.0",
      "resolved": "https://registry.npmjs.org/commander/-/commander-7.1.0.tgz",
      "integrity": "sha512-pRxBna3MJe6HKnBGsDyMv8ETbptw3axEdYHoqNh7gu5oDcew8fs0xnivZGm06Ogk8zGAJ9VX+OPEr2GXEQK4dg=="
    },
    "tslib": {
      "version": "2.1.0",
      "resolved": "https://registry.npmjs.org/tslib/-/tslib-2.1.0.tgz",
      "integrity": "sha512-hcVC3wYEziELGGmEEXue7D75zbwIIVUMWAVbHItGPx0ziyXxrOMQx4rQEVEV45Ut/1IotuEvwqPopzIOkDMf0A=="
    }
  }
}
